// !$*UTF8*$!
{
	archiveVersion = 1;
	classes = {
	};
	objectVersion = 50;
	objects = {

/* Begin PBXBuildFile section */
		04803D9C25275F13009F6541 /* AppDelegate.swift in Sources */ = {isa = PBXBuildFile; fileRef = 04803D9B25275F13009F6541 /* AppDelegate.swift */; };
		04803D9E25275F13009F6541 /* SceneDelegate.swift in Sources */ = {isa = PBXBuildFile; fileRef = 04803D9D25275F13009F6541 /* SceneDelegate.swift */; };
		04803DA025275F13009F6541 /* RootViewController.swift in Sources */ = {isa = PBXBuildFile; fileRef = 04803D9F25275F13009F6541 /* RootViewController.swift */; };
		04803DA525275F15009F6541 /* Assets.xcassets in Resources */ = {isa = PBXBuildFile; fileRef = 04803DA425275F15009F6541 /* Assets.xcassets */; };
		04803DA825275F15009F6541 /* LaunchScreen.storyboard in Resources */ = {isa = PBXBuildFile; fileRef = 04803DA625275F15009F6541 /* LaunchScreen.storyboard */; };
		04803DB525276E2F009F6541 /* UIView+Extension.swift in Sources */ = {isa = PBXBuildFile; fileRef = 04803DB425276E2F009F6541 /* UIView+Extension.swift */; };
		04803DB725277AB0009F6541 /* RootViewController+Extensions.swift in Sources */ = {isa = PBXBuildFile; fileRef = 04803DB625277AB0009F6541 /* RootViewController+Extensions.swift */; };
		04803DBA2527823C009F6541 /* PageCell.swift in Sources */ = {isa = PBXBuildFile; fileRef = 04803DB92527823C009F6541 /* PageCell.swift */; };
/* End PBXBuildFile section */

/* Begin PBXFileReference section */
		04803D9825275F13009F6541 /* CowryWiseClone.app */ = {isa = PBXFileReference; explicitFileType = wrapper.application; includeInIndex = 0; path = CowryWiseClone.app; sourceTree = BUILT_PRODUCTS_DIR; };
		04803D9B25275F13009F6541 /* AppDelegate.swift */ = {isa = PBXFileReference; lastKnownFileType = sourcecode.swift; path = AppDelegate.swift; sourceTree = "<group>"; };
		04803D9D25275F13009F6541 /* SceneDelegate.swift */ = {isa = PBXFileReference; lastKnownFileType = sourcecode.swift; path = SceneDelegate.swift; sourceTree = "<group>"; };
		04803D9F25275F13009F6541 /* RootViewController.swift */ = {isa = PBXFileReference; lastKnownFileType = sourcecode.swift; path = RootViewController.swift; sourceTree = "<group>"; };
		04803DA425275F15009F6541 /* Assets.xcassets */ = {isa = PBXFileReference; lastKnownFileType = folder.assetcatalog; path = Assets.xcassets; sourceTree = "<group>"; };
		04803DA725275F15009F6541 /* Base */ = {isa = PBXFileReference; lastKnownFileType = file.storyboard; name = Base; path = Base.lproj/LaunchScreen.storyboard; sourceTree = "<group>"; };
		04803DA925275F15009F6541 /* Info.plist */ = {isa = PBXFileReference; lastKnownFileType = text.plist.xml; path = Info.plist; sourceTree = "<group>"; };
		04803DB425276E2F009F6541 /* UIView+Extension.swift */ = {isa = PBXFileReference; lastKnownFileType = sourcecode.swift; path = "UIView+Extension.swift"; sourceTree = "<group>"; };
		04803DB625277AB0009F6541 /* RootViewController+Extensions.swift */ = {isa = PBXFileReference; lastKnownFileType = sourcecode.swift; path = "RootViewController+Extensions.swift"; sourceTree = "<group>"; };
		04803DB92527823C009F6541 /* PageCell.swift */ = {isa = PBXFileReference; lastKnownFileType = sourcecode.swift; path = PageCell.swift; sourceTree = "<group>"; };
/* End PBXFileReference section */

/* Begin PBXFrameworksBuildPhase section */
		04803D9525275F13009F6541 /* Frameworks */ = {
			isa = PBXFrameworksBuildPhase;
			buildActionMask = 2147483647;
			files = (
			);
			runOnlyForDeploymentPostprocessing = 0;
		};
/* End PBXFrameworksBuildPhase section */

/* Begin PBXGroup section */
		04803D8F25275F13009F6541 = {
			isa = PBXGroup;
			children = (
				04803D9A25275F13009F6541 /* CowryWiseClone */,
				04803D9925275F13009F6541 /* Products */,
			);
			sourceTree = "<group>";
		};
		04803D9925275F13009F6541 /* Products */ = {
			isa = PBXGroup;
			children = (
				04803D9825275F13009F6541 /* CowryWiseClone.app */,
			);
			name = Products;
			sourceTree = "<group>";
		};
		04803D9A25275F13009F6541 /* CowryWiseClone */ = {
			isa = PBXGroup;
			children = (
				04803DB82527821C009F6541 /* Page */,
				04803DB225276E09009F6541 /* Commons */,
				04803DB125276235009F6541 /* Delegates */,
				04803DB025276063009F6541 /* Resources */,
				04803DAF2527604D009F6541 /* Controllers */,
				04803DA625275F15009F6541 /* LaunchScreen.storyboard */,
				04803DA925275F15009F6541 /* Info.plist */,
			);
			path = CowryWiseClone;
			sourceTree = "<group>";
		};
		04803DAF2527604D009F6541 /* Controllers */ = {
			isa = PBXGroup;
			children = (
				04803D9F25275F13009F6541 /* RootViewController.swift */,
			);
			path = Controllers;
			sourceTree = "<group>";
		};
		04803DB025276063009F6541 /* Resources */ = {
			isa = PBXGroup;
			children = (
				04803DA425275F15009F6541 /* Assets.xcassets */,
			);
			path = Resources;
			sourceTree = "<group>";
		};
		04803DB125276235009F6541 /* Delegates */ = {
			isa = PBXGroup;
			children = (
				04803D9B25275F13009F6541 /* AppDelegate.swift */,
				04803D9D25275F13009F6541 /* SceneDelegate.swift */,
			);
			path = Delegates;
			sourceTree = "<group>";
		};
		04803DB225276E09009F6541 /* Commons */ = {
			isa = PBXGroup;
			children = (
				04803DB325276E12009F6541 /* Extensions */,
			);
			path = Commons;
			sourceTree = "<group>";
		};
		04803DB325276E12009F6541 /* Extensions */ = {
			isa = PBXGroup;
			children = (
				04803DB425276E2F009F6541 /* UIView+Extension.swift */,
				04803DB625277AB0009F6541 /* RootViewController+Extensions.swift */,
			);
			path = Extensions;
			sourceTree = "<group>";
		};
		04803DB82527821C009F6541 /* Page */ = {
			isa = PBXGroup;
			children = (
				04803DB92527823C009F6541 /* PageCell.swift */,
			);
			path = Page;
			sourceTree = "<group>";
		};
/* End PBXGroup section */

/* Begin PBXNativeTarget section */
		04803D9725275F13009F6541 /* CowryWiseClone */ = {
			isa = PBXNativeTarget;
			buildConfigurationList = 04803DAC25275F15009F6541 /* Build configuration list for PBXNativeTarget "CowryWiseClone" */;
			buildPhases = (
				04803D9425275F13009F6541 /* Sources */,
				04803D9525275F13009F6541 /* Frameworks */,
				04803D9625275F13009F6541 /* Resources */,
			);
			buildRules = (
			);
			dependencies = (
			);
			name = CowryWiseClone;
			productName = CowryWiseClone;
			productReference = 04803D9825275F13009F6541 /* CowryWiseClone.app */;
			productType = "com.apple.product-type.application";
		};
/* End PBXNativeTarget section */

/* Begin PBXProject section */
		04803D9025275F13009F6541 /* Project object */ = {
			isa = PBXProject;
			attributes = {
				LastSwiftUpdateCheck = 1160;
				LastUpgradeCheck = 1160;
				ORGANIZATIONNAME = waheedCodes;
				TargetAttributes = {
					04803D9725275F13009F6541 = {
						CreatedOnToolsVersion = 11.6;
					};
				};
			};
			buildConfigurationList = 04803D9325275F13009F6541 /* Build configuration list for PBXProject "CowryWiseClone" */;
			compatibilityVersion = "Xcode 9.3";
			developmentRegion = en;
			hasScannedForEncodings = 0;
			knownRegions = (
				en,
				Base,
			);
			mainGroup = 04803D8F25275F13009F6541;
			productRefGroup = 04803D9925275F13009F6541 /* Products */;
			projectDirPath = "";
			projectRoot = "";
			targets = (
				04803D9725275F13009F6541 /* CowryWiseClone */,
			);
		};
/* End PBXProject section */

/* Begin PBXResourcesBuildPhase section */
		04803D9625275F13009F6541 /* Resources */ = {
			isa = PBXResourcesBuildPhase;
			buildActionMask = 2147483647;
			files = (
				04803DA825275F15009F6541 /* LaunchScreen.storyboard in Resources */,
				04803DA525275F15009F6541 /* Assets.xcassets in Resources */,
			);
			runOnlyForDeploymentPostprocessing = 0;
		};
/* End PBXResourcesBuildPhase section */

/* Begin PBXSourcesBuildPhase section */
		04803D9425275F13009F6541 /* Sources */ = {
			isa = PBXSourcesBuildPhase;
			buildActionMask = 2147483647;
			files = (
				04803DA025275F13009F6541 /* RootViewController.swift in Sources */,
				04803DB725277AB0009F6541 /* RootViewController+Extensions.swift in Sources */,
				04803DBA2527823C009F6541 /* PageCell.swift in Sources */,
				04803D9C25275F13009F6541 /* AppDelegate.swift in Sources */,
				04803DB525276E2F009F6541 /* UIView+Extension.swift in Sources */,
				04803D9E25275F13009F6541 /* SceneDelegate.swift in Sources */,
			);
			runOnlyForDeploymentPostprocessing = 0;
		};
/* End PBXSourcesBuildPhase section */

/* Begin PBXVariantGroup section */
		04803DA625275F15009F6541 /* LaunchScreen.storyboard */ = {
			isa = PBXVariantGroup;
			children = (
				04803DA725275F15009F6541 /* Base */,
			);
			name = LaunchScreen.storyboard;
			sourceTree = "<group>";
		};
/* End PBXVariantGroup section */

/* Begin XCBuildConfiguration section */
		04803DAA25275F15009F6541 /* Debug */ = {
			isa = XCBuildConfiguration;
			buildSettings = {
				ALWAYS_SEARCH_USER_PATHS = NO;
				CLANG_ANALYZER_NONNULL = YES;
				CLANG_ANALYZER_NUMBER_OBJECT_CONVERSION = YES_AGGRESSIVE;
				CLANG_CXX_LANGUAGE_STANDARD = "gnu++14";
				CLANG_CXX_LIBRARY = "libc++";
				CLANG_ENABLE_MODULES = YES;
				CLANG_ENABLE_OBJC_ARC = YES;
				CLANG_ENABLE_OBJC_WEAK = YES;
				CLANG_WARN_BLOCK_CAPTURE_AUTORELEASING = YES;
				CLANG_WARN_BOOL_CONVERSION = YES;
				CLANG_WARN_COMMA = YES;
				CLANG_WARN_CONSTANT_CONVERSION = YES;
				CLANG_WARN_DEPRECATED_OBJC_IMPLEMENTATIONS = YES;
				CLANG_WARN_DIRECT_OBJC_ISA_USAGE = YES_ERROR;
				CLANG_WARN_DOCUMENTATION_COMMENTS = YES;
				CLANG_WARN_EMPTY_BODY = YES;
				CLANG_WARN_ENUM_CONVERSION = YES;
				CLANG_WARN_INFINITE_RECURSION = YES;
				CLANG_WARN_INT_CONVERSION = YES;
				CLANG_WARN_NON_LITERAL_NULL_CONVERSION = YES;
				CLANG_WARN_OBJC_IMPLICIT_RETAIN_SELF = YES;
				CLANG_WARN_OBJC_LITERAL_CONVERSION = YES;
				CLANG_WARN_OBJC_ROOT_CLASS = YES_ERROR;
				CLANG_WARN_RANGE_LOOP_ANALYSIS = YES;
				CLANG_WARN_STRICT_PROTOTYPES = YES;
				CLANG_WARN_SUSPICIOUS_MOVE = YES;
				CLANG_WARN_UNGUARDED_AVAILABILITY = YES_AGGRESSIVE;
				CLANG_WARN_UNREACHABLE_CODE = YES;
				CLANG_WARN__DUPLICATE_METHOD_MATCH = YES;
				COPY_PHASE_STRIP = NO;
				DEBUG_INFORMATION_FORMAT = dwarf;
				ENABLE_STRICT_OBJC_MSGSEND = YES;
				ENABLE_TESTABILITY = YES;
				GCC_C_LANGUAGE_STANDARD = gnu11;
				GCC_DYNAMIC_NO_PIC = NO;
				GCC_NO_COMMON_BLOCKS = YES;
				GCC_OPTIMIZATION_LEVEL = 0;
				GCC_PREPROCESSOR_DEFINITIONS = (
					"DEBUG=1",
					"$(inherited)",
				);
				GCC_WARN_64_TO_32_BIT_CONVERSION = YES;
				GCC_WARN_ABOUT_RETURN_TYPE = YES_ERROR;
				GCC_WARN_UNDECLARED_SELECTOR = YES;
				GCC_WARN_UNINITIALIZED_AUTOS = YES_AGGRESSIVE;
				GCC_WARN_UNUSED_FUNCTION = YES;
				GCC_WARN_UNUSED_VARIABLE = YES;
				IPHONEOS_DEPLOYMENT_TARGET = 13.6;
				MTL_ENABLE_DEBUG_INFO = INCLUDE_SOURCE;
				MTL_FAST_MATH = YES;
				ONLY_ACTIVE_ARCH = YES;
				SDKROOT = iphoneos;
				SWIFT_ACTIVE_COMPILATION_CONDITIONS = DEBUG;
				SWIFT_OPTIMIZATION_LEVEL = "-Onone";
			};
			name = Debug;
		};
		04803DAB25275F15009F6541 /* Release */ = {
			isa = XCBuildConfiguration;
			buildSettings = {
				ALWAYS_SEARCH_USER_PATHS = NO;
				CLANG_ANALYZER_NONNULL = YES;
				CLANG_ANALYZER_NUMBER_OBJECT_CONVERSION = YES_AGGRESSIVE;
				CLANG_CXX_LANGUAGE_STANDARD = "gnu++14";
				CLANG_CXX_LIBRARY = "libc++";
				CLANG_ENABLE_MODULES = YES;
				CLANG_ENABLE_OBJC_ARC = YES;
				CLANG_ENABLE_OBJC_WEAK = YES;
				CLANG_WARN_BLOCK_CAPTURE_AUTORELEASING = YES;
				CLANG_WARN_BOOL_CONVERSION = YES;
				CLANG_WARN_COMMA = YES;
				CLANG_WARN_CONSTANT_CONVERSION = YES;
				CLANG_WARN_DEPRECATED_OBJC_IMPLEMENTATIONS = YES;
				CLANG_WARN_DIRECT_OBJC_ISA_USAGE = YES_ERROR;
				CLANG_WARN_DOCUMENTATION_COMMENTS = YES;
				CLANG_WARN_EMPTY_BODY = YES;
				CLANG_WARN_ENUM_CONVERSION = YES;
				CLANG_WARN_INFINITE_RECURSION = YES;
				CLANG_WARN_INT_CONVERSION = YES;
				CLANG_WARN_NON_LITERAL_NULL_CONVERSION = YES;
				CLANG_WARN_OBJC_IMPLICIT_RETAIN_SELF = YES;
				CLANG_WARN_OBJC_LITERAL_CONVERSION = YES;
				CLANG_WARN_OBJC_ROOT_CLASS = YES_ERROR;
				CLANG_WARN_RANGE_LOOP_ANALYSIS = YES;
				CLANG_WARN_STRICT_PROTOTYPES = YES;
				CLANG_WARN_SUSPICIOUS_MOVE = YES;
				CLANG_WARN_UNGUARDED_AVAILABILITY = YES_AGGRESSIVE;
				CLANG_WARN_UNREACHABLE_CODE = YES;
				CLANG_WARN__DUPLICATE_METHOD_MATCH = YES;
				COPY_PHASE_STRIP = NO;
				DEBUG_INFORMATION_FORMAT = "dwarf-with-dsym";
				ENABLE_NS_ASSERTIONS = NO;
				ENABLE_STRICT_OBJC_MSGSEND = YES;
				GCC_C_LANGUAGE_STANDARD = gnu11;
				GCC_NO_COMMON_BLOCKS = YES;
				GCC_WARN_64_TO_32_BIT_CONVERSION = YES;
				GCC_WARN_ABOUT_RETURN_TYPE = YES_ERROR;
				GCC_WARN_UNDECLARED_SELECTOR = YES;
				GCC_WARN_UNINITIALIZED_AUTOS = YES_AGGRESSIVE;
				GCC_WARN_UNUSED_FUNCTION = YES;
				GCC_WARN_UNUSED_VARIABLE = YES;
				IPHONEOS_DEPLOYMENT_TARGET = 13.6;
				MTL_ENABLE_DEBUG_INFO = NO;
				MTL_FAST_MATH = YES;
				SDKROOT = iphoneos;
				SWIFT_COMPILATION_MODE = wholemodule;
				SWIFT_OPTIMIZATION_LEVEL = "-O";
				VALIDATE_PRODUCT = YES;
			};
			name = Release;
		};
		04803DAD25275F15009F6541 /* Debug */ = {
			isa = XCBuildConfiguration;
			buildSettings = {
				ASSETCATALOG_COMPILER_APPICON_NAME = AppIcon;
				CODE_SIGN_STYLE = Automatic;
				DEVELOPMENT_TEAM = 6ZPB2R3KP8;
				INFOPLIST_FILE = CowryWiseClone/Info.plist;
				LD_RUNPATH_SEARCH_PATHS = (
					"$(inherited)",
					"@executable_path/Frameworks",
				);
				PRODUCT_BUNDLE_IDENTIFIER = com.waheedcodes.CowryWiseClone;
				PRODUCT_NAME = "$(TARGET_NAME)";
				SWIFT_VERSION = 5.0;
				TARGETED_DEVICE_FAMILY = "1,2";
			};
			name = Debug;
		};
		04803DAE25275F15009F6541 /* Release */ = {
			isa = XCBuildConfiguration;
			buildSettings = {
				ASSETCATALOG_COMPILER_APPICON_NAME = AppIcon;
				CODE_SIGN_STYLE = Automatic;
				DEVELOPMENT_TEAM = 6ZPB2R3KP8;
				INFOPLIST_FILE = CowryWiseClone/Info.plist;
				LD_RUNPATH_SEARCH_PATHS = (
					"$(inherited)",
					"@executable_path/Frameworks",
				);
				PRODUCT_BUNDLE_IDENTIFIER = com.waheedcodes.CowryWiseClone;
				PRODUCT_NAME = "$(TARGET_NAME)";
				SWIFT_VERSION = 5.0;
				TARGETED_DEVICE_FAMILY = "1,2";
			};
			name = Release;
		};
/* End XCBuildConfiguration section */

/* Begin XCConfigurationList section */
		04803D9325275F13009F6541 /* Build configuration list for PBXProject "CowryWiseClone" */ = {
			isa = XCConfigurationList;
			buildConfigurations = (
				04803DAA25275F15009F6541 /* Debug */,
				04803DAB25275F15009F6541 /* Release */,
			);
			defaultConfigurationIsVisible = 0;
			defaultConfigurationName = Release;
		};
		04803DAC25275F15009F6541 /* Build configuration list for PBXNativeTarget "CowryWiseClone" */ = {
			isa = XCConfigurationList;
			buildConfigurations = (
				04803DAD25275F15009F6541 /* Debug */,
				04803DAE25275F15009F6541 /* Release */,
			);
			defaultConfigurationIsVisible = 0;
			defaultConfigurationName = Release;
		};
/* End XCConfigurationList section */
	};
	rootObject = 04803D9025275F13009F6541 /* Project object */;
}
